// !$*UTF8*$!
{
	archiveVersion = 1;
	classes = {
	};
	objectVersion = 50;
	objects = {

/* Begin PBXBuildFile section */
		8CAC56B924F147BE0059A3C6 /* AppDelegate.swift in Sources */ = {isa = PBXBuildFile; fileRef = 8CAC56B824F147BE0059A3C6 /* AppDelegate.swift */; };
		8CAC56BB24F147BE0059A3C6 /* GameScene.sks in Resources */ = {isa = PBXBuildFile; fileRef = 8CAC56BA24F147BE0059A3C6 /* GameScene.sks */; };
		8CAC56BD24F147BE0059A3C6 /* Actions.sks in Resources */ = {isa = PBXBuildFile; fileRef = 8CAC56BC24F147BE0059A3C6 /* Actions.sks */; };
		8CAC56BF24F147BE0059A3C6 /* GameScene.swift in Sources */ = {isa = PBXBuildFile; fileRef = 8CAC56BE24F147BE0059A3C6 /* GameScene.swift */; };
		8CAC56C124F147BE0059A3C6 /* GameViewController.swift in Sources */ = {isa = PBXBuildFile; fileRef = 8CAC56C024F147BE0059A3C6 /* GameViewController.swift */; };
		8CAC56C424F147BE0059A3C6 /* Main.storyboard in Resources */ = {isa = PBXBuildFile; fileRef = 8CAC56C224F147BE0059A3C6 /* Main.storyboard */; };
		8CAC56C624F147C10059A3C6 /* Assets.xcassets in Resources */ = {isa = PBXBuildFile; fileRef = 8CAC56C524F147C10059A3C6 /* Assets.xcassets */; };
		8CAC56C924F147C10059A3C6 /* LaunchScreen.storyboard in Resources */ = {isa = PBXBuildFile; fileRef = 8CAC56C724F147C10059A3C6 /* LaunchScreen.storyboard */; };
/* End PBXBuildFile section */

/* Begin PBXFileReference section */
		8CAC56B524F147BE0059A3C6 /* SuitsGame.app */ = {isa = PBXFileReference; explicitFileType = wrapper.application; includeInIndex = 0; path = SuitsGame.app; sourceTree = BUILT_PRODUCTS_DIR; };
		8CAC56B824F147BE0059A3C6 /* AppDelegate.swift */ = {isa = PBXFileReference; lastKnownFileType = sourcecode.swift; path = AppDelegate.swift; sourceTree = "<group>"; };
		8CAC56BA24F147BE0059A3C6 /* GameScene.sks */ = {isa = PBXFileReference; lastKnownFileType = file.sks; path = GameScene.sks; sourceTree = "<group>"; };
		8CAC56BC24F147BE0059A3C6 /* Actions.sks */ = {isa = PBXFileReference; lastKnownFileType = file.sks; path = Actions.sks; sourceTree = "<group>"; };
		8CAC56BE24F147BE0059A3C6 /* GameScene.swift */ = {isa = PBXFileReference; lastKnownFileType = sourcecode.swift; path = GameScene.swift; sourceTree = "<group>"; };
		8CAC56C024F147BE0059A3C6 /* GameViewController.swift */ = {isa = PBXFileReference; lastKnownFileType = sourcecode.swift; path = GameViewController.swift; sourceTree = "<group>"; };
		8CAC56C324F147BE0059A3C6 /* Base */ = {isa = PBXFileReference; lastKnownFileType = file.storyboard; name = Base; path = Base.lproj/Main.storyboard; sourceTree = "<group>"; };
		8CAC56C524F147C10059A3C6 /* Assets.xcassets */ = {isa = PBXFileReference; lastKnownFileType = folder.assetcatalog; path = Assets.xcassets; sourceTree = "<group>"; };
		8CAC56C824F147C10059A3C6 /* Base */ = {isa = PBXFileReference; lastKnownFileType = file.storyboard; name = Base; path = Base.lproj/LaunchScreen.storyboard; sourceTree = "<group>"; };
		8CAC56CA24F147C10059A3C6 /* Info.plist */ = {isa = PBXFileReference; lastKnownFileType = text.plist.xml; path = Info.plist; sourceTree = "<group>"; };
/* End PBXFileReference section */

/* Begin PBXFrameworksBuildPhase section */
		8CAC56B224F147BE0059A3C6 /* Frameworks */ = {
			isa = PBXFrameworksBuildPhase;
			buildActionMask = 2147483647;
			files = (
			);
			runOnlyForDeploymentPostprocessing = 0;
		};
/* End PBXFrameworksBuildPhase section */

/* Begin PBXGroup section */
		8CAC56AC24F147BE0059A3C6 = {
			isa = PBXGroup;
			children = (
				8CAC56B724F147BE0059A3C6 /* SuitsGame */,
				8CAC56B624F147BE0059A3C6 /* Products */,
			);
			sourceTree = "<group>";
		};
		8CAC56B624F147BE0059A3C6 /* Products */ = {
			isa = PBXGroup;
			children = (
				8CAC56B524F147BE0059A3C6 /* SuitsGame.app */,
			);
			name = Products;
			sourceTree = "<group>";
		};
		8CAC56B724F147BE0059A3C6 /* SuitsGame */ = {
			isa = PBXGroup;
			children = (
				8CAC56B824F147BE0059A3C6 /* AppDelegate.swift */,
				8CAC56BA24F147BE0059A3C6 /* GameScene.sks */,
				8CAC56BC24F147BE0059A3C6 /* Actions.sks */,
				8CAC56BE24F147BE0059A3C6 /* GameScene.swift */,
				8CAC56C024F147BE0059A3C6 /* GameViewController.swift */,
				8CAC56C224F147BE0059A3C6 /* Main.storyboard */,
				8CAC56C524F147C10059A3C6 /* Assets.xcassets */,
				8CAC56C724F147C10059A3C6 /* LaunchScreen.storyboard */,
				8CAC56CA24F147C10059A3C6 /* Info.plist */,
			);
			path = SuitsGame;
			sourceTree = "<group>";
		};
/* End PBXGroup section */

/* Begin PBXNativeTarget section */
		8CAC56B424F147BE0059A3C6 /* SuitsGame */ = {
			isa = PBXNativeTarget;
			buildConfigurationList = 8CAC56CD24F147C10059A3C6 /* Build configuration list for PBXNativeTarget "SuitsGame" */;
			buildPhases = (
				8CAC56B124F147BE0059A3C6 /* Sources */,
				8CAC56B224F147BE0059A3C6 /* Frameworks */,
				8CAC56B324F147BE0059A3C6 /* Resources */,
			);
			buildRules = (
			);
			dependencies = (
			);
			name = SuitsGame;
			productName = SuitsGame;
			productReference = 8CAC56B524F147BE0059A3C6 /* SuitsGame.app */;
			productType = "com.apple.product-type.application";
		};
/* End PBXNativeTarget section */

/* Begin PBXProject section */
		8CAC56AD24F147BE0059A3C6 /* Project object */ = {
			isa = PBXProject;
			attributes = {
				LastSwiftUpdateCheck = 1150;
				LastUpgradeCheck = 1150;
				ORGANIZATIONNAME = Kuba;
				TargetAttributes = {
					8CAC56B424F147BE0059A3C6 = {
						CreatedOnToolsVersion = 11.5;
					};
				};
			};
			buildConfigurationList = 8CAC56B024F147BE0059A3C6 /* Build configuration list for PBXProject "SuitsGame" */;
			compatibilityVersion = "Xcode 9.3";
			developmentRegion = en;
			hasScannedForEncodings = 0;
			knownRegions = (
				en,
				Base,
			);
			mainGroup = 8CAC56AC24F147BE0059A3C6;
			productRefGroup = 8CAC56B624F147BE0059A3C6 /* Products */;
			projectDirPath = "";
			projectRoot = "";
			targets = (
				8CAC56B424F147BE0059A3C6 /* SuitsGame */,
			);
		};
/* End PBXProject section */

/* Begin PBXResourcesBuildPhase section */
		8CAC56B324F147BE0059A3C6 /* Resources */ = {
			isa = PBXResourcesBuildPhase;
			buildActionMask = 2147483647;
			files = (
				8CAC56C424F147BE0059A3C6 /* Main.storyboard in Resources */,
				8CAC56BB24F147BE0059A3C6 /* GameScene.sks in Resources */,
				8CAC56C624F147C10059A3C6 /* Assets.xcassets in Resources */,
				8CAC56C924F147C10059A3C6 /* LaunchScreen.storyboard in Resources */,
				8CAC56BD24F147BE0059A3C6 /* Actions.sks in Resources */,
			);
			runOnlyForDeploymentPostprocessing = 0;
		};
/* End PBXResourcesBuildPhase section */

/* Begin PBXSourcesBuildPhase section */
		8CAC56B124F147BE0059A3C6 /* Sources */ = {
			isa = PBXSourcesBuildPhase;
			buildActionMask = 2147483647;
			files = (
				8CAC56BF24F147BE0059A3C6 /* GameScene.swift in Sources */,
				8CAC56C124F147BE0059A3C6 /* GameViewController.swift in Sources */,
				8CAC56B924F147BE0059A3C6 /* AppDelegate.swift in Sources */,
			);
			runOnlyForDeploymentPostprocessing = 0;
		};
/* End PBXSourcesBuildPhase section */

/* Begin PBXVariantGroup section */
		8CAC56C224F147BE0059A3C6 /* Main.storyboard */ = {
			isa = PBXVariantGroup;
			children = (
				8CAC56C324F147BE0059A3C6 /* Base */,
			);
			name = Main.storyboard;
			sourceTree = "<group>";
		};
		8CAC56C724F147C10059A3C6 /* LaunchScreen.storyboard */ = {
			isa = PBXVariantGroup;
			children = (
				8CAC56C824F147C10059A3C6 /* Base */,
			);
			name = LaunchScreen.storyboard;
			sourceTree = "<group>";
		};
/* End PBXVariantGroup section */

/* Begin XCBuildConfiguration section */
		8CAC56CB24F147C10059A3C6 /* Debug */ = {
			isa = XCBuildConfiguration;
			buildSettings = {
				ALWAYS_SEARCH_USER_PATHS = NO;
				CLANG_ANALYZER_NONNULL = YES;
				CLANG_ANALYZER_NUMBER_OBJECT_CONVERSION = YES_AGGRESSIVE;
				CLANG_CXX_LANGUAGE_STANDARD = "gnu++14";
				CLANG_CXX_LIBRARY = "libc++";
				CLANG_ENABLE_MODULES = YES;
				CLANG_ENABLE_OBJC_ARC = YES;
				CLANG_ENABLE_OBJC_WEAK = YES;
				CLANG_WARN_BLOCK_CAPTURE_AUTORELEASING = YES;
				CLANG_WARN_BOOL_CONVERSION = YES;
				CLANG_WARN_COMMA = YES;
				CLANG_WARN_CONSTANT_CONVERSION = YES;
				CLANG_WARN_DEPRECATED_OBJC_IMPLEMENTATIONS = YES;
				CLANG_WARN_DIRECT_OBJC_ISA_USAGE = YES_ERROR;
				CLANG_WARN_DOCUMENTATION_COMMENTS = YES;
				CLANG_WARN_EMPTY_BODY = YES;
				CLANG_WARN_ENUM_CONVERSION = YES;
				CLANG_WARN_INFINITE_RECURSION = YES;
				CLANG_WARN_INT_CONVERSION = YES;
				CLANG_WARN_NON_LITERAL_NULL_CONVERSION = YES;
				CLANG_WARN_OBJC_IMPLICIT_RETAIN_SELF = YES;
				CLANG_WARN_OBJC_LITERAL_CONVERSION = YES;
				CLANG_WARN_OBJC_ROOT_CLASS = YES_ERROR;
				CLANG_WARN_RANGE_LOOP_ANALYSIS = YES;
				CLANG_WARN_STRICT_PROTOTYPES = YES;
				CLANG_WARN_SUSPICIOUS_MOVE = YES;
				CLANG_WARN_UNGUARDED_AVAILABILITY = YES_AGGRESSIVE;
				CLANG_WARN_UNREACHABLE_CODE = YES;
				CLANG_WARN__DUPLICATE_METHOD_MATCH = YES;
				COPY_PHASE_STRIP = NO;
				DEBUG_INFORMATION_FORMAT = dwarf;
				ENABLE_STRICT_OBJC_MSGSEND = YES;
				ENABLE_TESTABILITY = YES;
				GCC_C_LANGUAGE_STANDARD = gnu11;
				GCC_DYNAMIC_NO_PIC = NO;
				GCC_NO_COMMON_BLOCKS = YES;
				GCC_OPTIMIZATION_LEVEL = 0;
				GCC_PREPROCESSOR_DEFINITIONS = (
					"DEBUG=1",
					"$(inherited)",
				);
				GCC_WARN_64_TO_32_BIT_CONVERSION = YES;
				GCC_WARN_ABOUT_RETURN_TYPE = YES_ERROR;
				GCC_WARN_UNDECLARED_SELECTOR = YES;
				GCC_WARN_UNINITIALIZED_AUTOS = YES_AGGRESSIVE;
				GCC_WARN_UNUSED_FUNCTION = YES;
				GCC_WARN_UNUSED_VARIABLE = YES;
				IPHONEOS_DEPLOYMENT_TARGET = 13.5;
				MTL_ENABLE_DEBUG_INFO = INCLUDE_SOURCE;
				MTL_FAST_MATH = YES;
				ONLY_ACTIVE_ARCH = YES;
				SDKROOT = iphoneos;
				SWIFT_ACTIVE_COMPILATION_CONDITIONS = DEBUG;
				SWIFT_OPTIMIZATION_LEVEL = "-Onone";
			};
			name = Debug;
		};
		8CAC56CC24F147C10059A3C6 /* Release */ = {
			isa = XCBuildConfiguration;
			buildSettings = {
				ALWAYS_SEARCH_USER_PATHS = NO;
				CLANG_ANALYZER_NONNULL = YES;
				CLANG_ANALYZER_NUMBER_OBJECT_CONVERSION = YES_AGGRESSIVE;
				CLANG_CXX_LANGUAGE_STANDARD = "gnu++14";
				CLANG_CXX_LIBRARY = "libc++";
				CLANG_ENABLE_MODULES = YES;
				CLANG_ENABLE_OBJC_ARC = YES;
				CLANG_ENABLE_OBJC_WEAK = YES;
				CLANG_WARN_BLOCK_CAPTURE_AUTORELEASING = YES;
				CLANG_WARN_BOOL_CONVERSION = YES;
				CLANG_WARN_COMMA = YES;
				CLANG_WARN_CONSTANT_CONVERSION = YES;
				CLANG_WARN_DEPRECATED_OBJC_IMPLEMENTATIONS = YES;
				CLANG_WARN_DIRECT_OBJC_ISA_USAGE = YES_ERROR;
				CLANG_WARN_DOCUMENTATION_COMMENTS = YES;
				CLANG_WARN_EMPTY_BODY = YES;
				CLANG_WARN_ENUM_CONVERSION = YES;
				CLANG_WARN_INFINITE_RECURSION = YES;
				CLANG_WARN_INT_CONVERSION = YES;
				CLANG_WARN_NON_LITERAL_NULL_CONVERSION = YES;
				CLANG_WARN_OBJC_IMPLICIT_RETAIN_SELF = YES;
				CLANG_WARN_OBJC_LITERAL_CONVERSION = YES;
				CLANG_WARN_OBJC_ROOT_CLASS = YES_ERROR;
				CLANG_WARN_RANGE_LOOP_ANALYSIS = YES;
				CLANG_WARN_STRICT_PROTOTYPES = YES;
				CLANG_WARN_SUSPICIOUS_MOVE = YES;
				CLANG_WARN_UNGUARDED_AVAILABILITY = YES_AGGRESSIVE;
				CLANG_WARN_UNREACHABLE_CODE = YES;
				CLANG_WARN__DUPLICATE_METHOD_MATCH = YES;
				COPY_PHASE_STRIP = NO;
				DEBUG_INFORMATION_FORMAT = "dwarf-with-dsym";
				ENABLE_NS_ASSERTIONS = NO;
				ENABLE_STRICT_OBJC_MSGSEND = YES;
				GCC_C_LANGUAGE_STANDARD = gnu11;
				GCC_NO_COMMON_BLOCKS = YES;
				GCC_WARN_64_TO_32_BIT_CONVERSION = YES;
				GCC_WARN_ABOUT_RETURN_TYPE = YES_ERROR;
				GCC_WARN_UNDECLARED_SELECTOR = YES;
				GCC_WARN_UNINITIALIZED_AUTOS = YES_AGGRESSIVE;
				GCC_WARN_UNUSED_FUNCTION = YES;
				GCC_WARN_UNUSED_VARIABLE = YES;
				IPHONEOS_DEPLOYMENT_TARGET = 13.5;
				MTL_ENABLE_DEBUG_INFO = NO;
				MTL_FAST_MATH = YES;
				SDKROOT = iphoneos;
				SWIFT_COMPILATION_MODE = wholemodule;
				SWIFT_OPTIMIZATION_LEVEL = "-O";
				VALIDATE_PRODUCT = YES;
			};
			name = Release;
		};
		8CAC56CE24F147C10059A3C6 /* Debug */ = {
			isa = XCBuildConfiguration;
			buildSettings = {
				ASSETCATALOG_COMPILER_APPICON_NAME = AppIcon;
				CODE_SIGN_STYLE = Automatic;
				DEVELOPMENT_TEAM = 93284K68YD;
				INFOPLIST_FILE = SuitsGame/Info.plist;
				LD_RUNPATH_SEARCH_PATHS = (
					"$(inherited)",
					"@executable_path/Frameworks",
				);
				PRODUCT_BUNDLE_IDENTIFIER = Kuba.SuitsGame;
				PRODUCT_NAME = "$(TARGET_NAME)";
				SWIFT_VERSION = 5.0;
				TARGETED_DEVICE_FAMILY = "1,2";
			};
			name = Debug;
		};
		8CAC56CF24F147C10059A3C6 /* Release */ = {
			isa = XCBuildConfiguration;
			buildSettings = {
				ASSETCATALOG_COMPILER_APPICON_NAME = AppIcon;
				CODE_SIGN_STYLE = Automatic;
				DEVELOPMENT_TEAM = 93284K68YD;
				INFOPLIST_FILE = SuitsGame/Info.plist;
				LD_RUNPATH_SEARCH_PATHS = (
					"$(inherited)",
					"@executable_path/Frameworks",
				);
				PRODUCT_BUNDLE_IDENTIFIER = Kuba.SuitsGame;
				PRODUCT_NAME = "$(TARGET_NAME)";
				SWIFT_VERSION = 5.0;
				TARGETED_DEVICE_FAMILY = "1,2";
			};
			name = Release;
		};
/* End XCBuildConfiguration section */

/* Begin XCConfigurationList section */
		8CAC56B024F147BE0059A3C6 /* Build configuration list for PBXProject "SuitsGame" */ = {
			isa = XCConfigurationList;
			buildConfigurations = (
				8CAC56CB24F147C10059A3C6 /* Debug */,
				8CAC56CC24F147C10059A3C6 /* Release */,
			);
			defaultConfigurationIsVisible = 0;
			defaultConfigurationName = Release;
		};
		8CAC56CD24F147C10059A3C6 /* Build configuration list for PBXNativeTarget "SuitsGame" */ = {
			isa = XCConfigurationList;
			buildConfigurations = (
				8CAC56CE24F147C10059A3C6 /* Debug */,
				8CAC56CF24F147C10059A3C6 /* Release */,
			);
			defaultConfigurationIsVisible = 0;
			defaultConfigurationName = Release;
		};
/* End XCConfigurationList section */
	};
	rootObject = 8CAC56AD24F147BE0059A3C6 /* Project object */;
}
